// !$*UTF8*$!
{
	archiveVersion = 1;
	classes = {
	};
	objectVersion = 46;
	objects = {

/* Begin PBXBuildFile section */
		1B5DABD8C1A99DC370F76282 /* libPods.a in Frameworks */ = {isa = PBXBuildFile; fileRef = 9723495E40E6E2B2AA4207F2 /* libPods.a */; };
		BC0975A11AEC916300C5CD4D /* FavoritesViewController.swift in Sources */ = {isa = PBXBuildFile; fileRef = BC0975A01AEC916300C5CD4D /* FavoritesViewController.swift */; };
		BC339A2B1ACDE41E00E3399B /* Foundation.framework in Frameworks */ = {isa = PBXBuildFile; fileRef = BC339A2A1ACDE41E00E3399B /* Foundation.framework */; };
		BC339A2D1ACDE42A00E3399B /* QuartzCore.framework in Frameworks */ = {isa = PBXBuildFile; fileRef = BC339A2C1ACDE42A00E3399B /* QuartzCore.framework */; };
		BC339A2F1ACDE43000E3399B /* MediaPlayer.framework in Frameworks */ = {isa = PBXBuildFile; fileRef = BC339A2E1ACDE43000E3399B /* MediaPlayer.framework */; };
		BC339A311ACDE43900E3399B /* UIKit.framework in Frameworks */ = {isa = PBXBuildFile; fileRef = BC339A301ACDE43900E3399B /* UIKit.framework */; };
		BC339A331ACDE44000E3399B /* CoreGraphics.framework in Frameworks */ = {isa = PBXBuildFile; fileRef = BC339A321ACDE44000E3399B /* CoreGraphics.framework */; };
		BC339A351ACEE58B00E3399B /* Model.swift in Sources */ = {isa = PBXBuildFile; fileRef = BC339A341ACEE58B00E3399B /* Model.swift */; };
		BC339A371ACF31CC00E3399B /* iter3.gif in Resources */ = {isa = PBXBuildFile; fileRef = BC339A361ACF31CC00E3399B /* iter3.gif */; };
		BC4DF21D1AA970F3009155ED /* YoutubeHelper.swift in Sources */ = {isa = PBXBuildFile; fileRef = BC4DF21C1AA970F3009155ED /* YoutubeHelper.swift */; };
		BC711BD51AAD207E00796369 /* iter1.png in Resources */ = {isa = PBXBuildFile; fileRef = BC711BD31AAD207E00796369 /* iter1.png */; };
		BC711BD61AAD207E00796369 /* iter2.gif in Resources */ = {isa = PBXBuildFile; fileRef = BC711BD41AAD207E00796369 /* iter2.gif */; };
		BC747DA21ADB1A2800A45B4B /* ic_share.png in Resources */ = {isa = PBXBuildFile; fileRef = BC747DA11ADB1A2800A45B4B /* ic_share.png */; };
		BC747DA41ADCA4BB00A45B4B /* fb.png in Resources */ = {isa = PBXBuildFile; fileRef = BC747DA31ADCA4BB00A45B4B /* fb.png */; };
		BC747DA61ADCA61600A45B4B /* iter4.gif in Resources */ = {isa = PBXBuildFile; fileRef = BC747DA51ADCA61600A45B4B /* iter4.gif */; };
		BC747DA81ADCA6EE00A45B4B /* DetailViewController.swift in Sources */ = {isa = PBXBuildFile; fileRef = BC747DA71ADCA6EE00A45B4B /* DetailViewController.swift */; };
		BC81132F1A969279007C4CA0 /* AppDelegate.swift in Sources */ = {isa = PBXBuildFile; fileRef = BC81132E1A969279007C4CA0 /* AppDelegate.swift */; };
		BC8113341A969279007C4CA0 /* Main.storyboard in Resources */ = {isa = PBXBuildFile; fileRef = BC8113321A969279007C4CA0 /* Main.storyboard */; };
		BC8113361A969279007C4CA0 /* Images.xcassets in Resources */ = {isa = PBXBuildFile; fileRef = BC8113351A969279007C4CA0 /* Images.xcassets */; };
		BC8113391A969279007C4CA0 /* LaunchScreen.xib in Resources */ = {isa = PBXBuildFile; fileRef = BC8113371A969279007C4CA0 /* LaunchScreen.xib */; };
		BC8113451A969279007C4CA0 /* Top100Tests.swift in Sources */ = {isa = PBXBuildFile; fileRef = BC8113441A969279007C4CA0 /* Top100Tests.swift */; };
		BCA59C251AEDE92E005B9D66 /* music.png in Resources */ = {isa = PBXBuildFile; fileRef = BCA59C241AEDE92E005B9D66 /* music.png */; };
		BCA59C3A1AEDFD3A005B9D66 /* SwiftyJSON.swift in Sources */ = {isa = PBXBuildFile; fileRef = F023B7A91AA8F5790072B9AD /* SwiftyJSON.swift */; };
		BCA59C3C1AEDFD43005B9D66 /* TableViewCell.swift in Sources */ = {isa = PBXBuildFile; fileRef = BCDE8AAF1A9699DC00A8C323 /* TableViewCell.swift */; };
		BCA59C3D1AEDFD94005B9D66 /* Model.swift in Sources */ = {isa = PBXBuildFile; fileRef = BC339A341ACEE58B00E3399B /* Model.swift */; };
		BCA59C3E1AEDFD97005B9D66 /* YoutubeHelper.swift in Sources */ = {isa = PBXBuildFile; fileRef = BC4DF21C1AA970F3009155ED /* YoutubeHelper.swift */; };
		BCA59C421AEE08DF005B9D66 /* iter5.gif in Resources */ = {isa = PBXBuildFile; fileRef = BCA59C3F1AEE08DF005B9D66 /* iter5.gif */; };
		BCA59C431AEE08DF005B9D66 /* iter5_testfail.png in Resources */ = {isa = PBXBuildFile; fileRef = BCA59C401AEE08DF005B9D66 /* iter5_testfail.png */; };
		BCA59C441AEE08DF005B9D66 /* iter5_testpass.png in Resources */ = {isa = PBXBuildFile; fileRef = BCA59C411AEE08DF005B9D66 /* iter5_testpass.png */; };
		BCA59C811AEE0F00005B9D66 /* FavoritesViewControllerTests.swift in Sources */ = {isa = PBXBuildFile; fileRef = BCA59C801AEE0F00005B9D66 /* FavoritesViewControllerTests.swift */; };
		BCDE8AAC1A96972E00A8C323 /* TableViewController.swift in Sources */ = {isa = PBXBuildFile; fileRef = BCDE8AAB1A96972E00A8C323 /* TableViewController.swift */; };
		BCDE8AB01A9699DC00A8C323 /* TableViewCell.swift in Sources */ = {isa = PBXBuildFile; fileRef = BCDE8AAF1A9699DC00A8C323 /* TableViewCell.swift */; };
		BCDE8AB21A96E69300A8C323 /* XMLParser.swift in Sources */ = {isa = PBXBuildFile; fileRef = BCDE8AB11A96E69300A8C323 /* XMLParser.swift */; };
		F023B7AA1AA8F5790072B9AD /* SwiftyJSON.swift in Sources */ = {isa = PBXBuildFile; fileRef = F023B7A91AA8F5790072B9AD /* SwiftyJSON.swift */; };
/* End PBXBuildFile section */

/* Begin PBXContainerItemProxy section */
		BC81133F1A969279007C4CA0 /* PBXContainerItemProxy */ = {
			isa = PBXContainerItemProxy;
			containerPortal = BC8113211A969279007C4CA0 /* Project object */;
			proxyType = 1;
			remoteGlobalIDString = BC8113281A969279007C4CA0;
			remoteInfo = Top100;
		};
/* End PBXContainerItemProxy section */

/* Begin PBXFileReference section */
		9723495E40E6E2B2AA4207F2 /* libPods.a */ = {isa = PBXFileReference; explicitFileType = archive.ar; includeInIndex = 0; path = libPods.a; sourceTree = BUILT_PRODUCTS_DIR; };
		A4FD020A08EDF87C61C70769 /* Pods.debug.xcconfig */ = {isa = PBXFileReference; includeInIndex = 1; lastKnownFileType = text.xcconfig; name = Pods.debug.xcconfig; path = "Pods/Target Support Files/Pods/Pods.debug.xcconfig"; sourceTree = "<group>"; };
		BC0975A01AEC916300C5CD4D /* FavoritesViewController.swift */ = {isa = PBXFileReference; fileEncoding = 4; lastKnownFileType = sourcecode.swift; path = FavoritesViewController.swift; sourceTree = "<group>"; };
		BC339A2A1ACDE41E00E3399B /* Foundation.framework */ = {isa = PBXFileReference; lastKnownFileType = wrapper.framework; name = Foundation.framework; path = System/Library/Frameworks/Foundation.framework; sourceTree = SDKROOT; };
		BC339A2C1ACDE42A00E3399B /* QuartzCore.framework */ = {isa = PBXFileReference; lastKnownFileType = wrapper.framework; name = QuartzCore.framework; path = System/Library/Frameworks/QuartzCore.framework; sourceTree = SDKROOT; };
		BC339A2E1ACDE43000E3399B /* MediaPlayer.framework */ = {isa = PBXFileReference; lastKnownFileType = wrapper.framework; name = MediaPlayer.framework; path = System/Library/Frameworks/MediaPlayer.framework; sourceTree = SDKROOT; };
		BC339A301ACDE43900E3399B /* UIKit.framework */ = {isa = PBXFileReference; lastKnownFileType = wrapper.framework; name = UIKit.framework; path = System/Library/Frameworks/UIKit.framework; sourceTree = SDKROOT; };
		BC339A321ACDE44000E3399B /* CoreGraphics.framework */ = {isa = PBXFileReference; lastKnownFileType = wrapper.framework; name = CoreGraphics.framework; path = System/Library/Frameworks/CoreGraphics.framework; sourceTree = SDKROOT; };
		BC339A341ACEE58B00E3399B /* Model.swift */ = {isa = PBXFileReference; fileEncoding = 4; lastKnownFileType = sourcecode.swift; path = Model.swift; sourceTree = "<group>"; };
		BC339A361ACF31CC00E3399B /* iter3.gif */ = {isa = PBXFileReference; lastKnownFileType = image.gif; path = iter3.gif; sourceTree = "<group>"; };
		BC4DF21C1AA970F3009155ED /* YoutubeHelper.swift */ = {isa = PBXFileReference; fileEncoding = 4; lastKnownFileType = sourcecode.swift; path = YoutubeHelper.swift; sourceTree = "<group>"; };
		BC711BD31AAD207E00796369 /* iter1.png */ = {isa = PBXFileReference; lastKnownFileType = image.png; path = iter1.png; sourceTree = "<group>"; };
		BC711BD41AAD207E00796369 /* iter2.gif */ = {isa = PBXFileReference; lastKnownFileType = image.gif; path = iter2.gif; sourceTree = "<group>"; };
		BC747DA11ADB1A2800A45B4B /* ic_share.png */ = {isa = PBXFileReference; lastKnownFileType = image.png; path = ic_share.png; sourceTree = "<group>"; };
		BC747DA31ADCA4BB00A45B4B /* fb.png */ = {isa = PBXFileReference; lastKnownFileType = image.png; path = fb.png; sourceTree = "<group>"; };
		BC747DA51ADCA61600A45B4B /* iter4.gif */ = {isa = PBXFileReference; lastKnownFileType = image.gif; path = iter4.gif; sourceTree = "<group>"; };
		BC747DA71ADCA6EE00A45B4B /* DetailViewController.swift */ = {isa = PBXFileReference; fileEncoding = 4; lastKnownFileType = sourcecode.swift; path = DetailViewController.swift; sourceTree = "<group>"; };
		BC8113291A969279007C4CA0 /* Top100.app */ = {isa = PBXFileReference; explicitFileType = wrapper.application; includeInIndex = 0; path = Top100.app; sourceTree = BUILT_PRODUCTS_DIR; };
		BC81132D1A969279007C4CA0 /* Info.plist */ = {isa = PBXFileReference; lastKnownFileType = text.plist.xml; path = Info.plist; sourceTree = "<group>"; };
		BC81132E1A969279007C4CA0 /* AppDelegate.swift */ = {isa = PBXFileReference; lastKnownFileType = sourcecode.swift; path = AppDelegate.swift; sourceTree = "<group>"; };
		BC8113331A969279007C4CA0 /* Base */ = {isa = PBXFileReference; lastKnownFileType = file.storyboard; name = Base; path = Base.lproj/Main.storyboard; sourceTree = "<group>"; };
		BC8113351A969279007C4CA0 /* Images.xcassets */ = {isa = PBXFileReference; lastKnownFileType = folder.assetcatalog; path = Images.xcassets; sourceTree = "<group>"; };
		BC8113381A969279007C4CA0 /* Base */ = {isa = PBXFileReference; lastKnownFileType = file.xib; name = Base; path = Base.lproj/LaunchScreen.xib; sourceTree = "<group>"; };
		BC81133E1A969279007C4CA0 /* Top100Tests.xctest */ = {isa = PBXFileReference; explicitFileType = wrapper.cfbundle; includeInIndex = 0; path = Top100Tests.xctest; sourceTree = BUILT_PRODUCTS_DIR; };
		BC8113431A969279007C4CA0 /* Info.plist */ = {isa = PBXFileReference; lastKnownFileType = text.plist.xml; path = Info.plist; sourceTree = "<group>"; };
		BC8113441A969279007C4CA0 /* Top100Tests.swift */ = {isa = PBXFileReference; lastKnownFileType = sourcecode.swift; path = Top100Tests.swift; sourceTree = "<group>"; };
		BCA59C241AEDE92E005B9D66 /* music.png */ = {isa = PBXFileReference; lastKnownFileType = image.png; path = music.png; sourceTree = "<group>"; };
		BCA59C301AEDF76A005B9D66 /* libPods.a */ = {isa = PBXFileReference; lastKnownFileType = archive.ar; name = libPods.a; path = "Pods/build/Debug-iphoneos/libPods.a"; sourceTree = "<group>"; };
		BCA59C3F1AEE08DF005B9D66 /* iter5.gif */ = {isa = PBXFileReference; lastKnownFileType = image.gif; path = iter5.gif; sourceTree = "<group>"; };
		BCA59C401AEE08DF005B9D66 /* iter5_testfail.png */ = {isa = PBXFileReference; lastKnownFileType = image.png; path = iter5_testfail.png; sourceTree = "<group>"; };
		BCA59C411AEE08DF005B9D66 /* iter5_testpass.png */ = {isa = PBXFileReference; lastKnownFileType = image.png; path = iter5_testpass.png; sourceTree = "<group>"; };
		BCA59C801AEE0F00005B9D66 /* FavoritesViewControllerTests.swift */ = {isa = PBXFileReference; fileEncoding = 4; lastKnownFileType = sourcecode.swift; path = FavoritesViewControllerTests.swift; sourceTree = "<group>"; };
		BCDE8AAB1A96972E00A8C323 /* TableViewController.swift */ = {isa = PBXFileReference; fileEncoding = 4; lastKnownFileType = sourcecode.swift; path = TableViewController.swift; sourceTree = "<group>"; };
		BCDE8AAF1A9699DC00A8C323 /* TableViewCell.swift */ = {isa = PBXFileReference; fileEncoding = 4; lastKnownFileType = sourcecode.swift; path = TableViewCell.swift; sourceTree = "<group>"; };
		BCDE8AB11A96E69300A8C323 /* XMLParser.swift */ = {isa = PBXFileReference; fileEncoding = 4; lastKnownFileType = sourcecode.swift; path = XMLParser.swift; sourceTree = "<group>"; };
		F023B7A91AA8F5790072B9AD /* SwiftyJSON.swift */ = {isa = PBXFileReference; fileEncoding = 4; lastKnownFileType = sourcecode.swift; path = SwiftyJSON.swift; sourceTree = "<group>"; };
		F0CEDA481AA9404600AEB62A /* Top100-Bridging-Header.h */ = {isa = PBXFileReference; lastKnownFileType = sourcecode.c.h; path = "Top100-Bridging-Header.h"; sourceTree = "<group>"; };
		F6E898B3AC65A210EF390681 /* Pods.release.xcconfig */ = {isa = PBXFileReference; includeInIndex = 1; lastKnownFileType = text.xcconfig; name = Pods.release.xcconfig; path = "Pods/Target Support Files/Pods/Pods.release.xcconfig"; sourceTree = "<group>"; };
/* End PBXFileReference section */

/* Begin PBXFrameworksBuildPhase section */
		BC8113261A969279007C4CA0 /* Frameworks */ = {
			isa = PBXFrameworksBuildPhase;
			buildActionMask = 2147483647;
			files = (
				BC339A331ACDE44000E3399B /* CoreGraphics.framework in Frameworks */,
				BC339A311ACDE43900E3399B /* UIKit.framework in Frameworks */,
				BC339A2F1ACDE43000E3399B /* MediaPlayer.framework in Frameworks */,
				BC339A2D1ACDE42A00E3399B /* QuartzCore.framework in Frameworks */,
				BC339A2B1ACDE41E00E3399B /* Foundation.framework in Frameworks */,
				1B5DABD8C1A99DC370F76282 /* libPods.a in Frameworks */,
			);
			runOnlyForDeploymentPostprocessing = 0;
		};
		BC81133B1A969279007C4CA0 /* Frameworks */ = {
			isa = PBXFrameworksBuildPhase;
			buildActionMask = 2147483647;
			files = (
			);
			runOnlyForDeploymentPostprocessing = 0;
		};
/* End PBXFrameworksBuildPhase section */

/* Begin PBXGroup section */
		22D01A0D05679376C52CBEE3 /* Frameworks */ = {
			isa = PBXGroup;
			children = (
				BCA59C301AEDF76A005B9D66 /* libPods.a */,
				BC339A321ACDE44000E3399B /* CoreGraphics.framework */,
				BC339A301ACDE43900E3399B /* UIKit.framework */,
				BC339A2E1ACDE43000E3399B /* MediaPlayer.framework */,
				BC339A2C1ACDE42A00E3399B /* QuartzCore.framework */,
				BC339A2A1ACDE41E00E3399B /* Foundation.framework */,
				9723495E40E6E2B2AA4207F2 /* libPods.a */,
			);
			name = Frameworks;
			sourceTree = "<group>";
		};
		A8B85AAB91128933BD13A90B /* Pods */ = {
			isa = PBXGroup;
			children = (
				A4FD020A08EDF87C61C70769 /* Pods.debug.xcconfig */,
				F6E898B3AC65A210EF390681 /* Pods.release.xcconfig */,
			);
			name = Pods;
			sourceTree = "<group>";
		};
		BC711BD21AAD207E00796369 /* screenshot */ = {
			isa = PBXGroup;
			children = (
				BCA59C3F1AEE08DF005B9D66 /* iter5.gif */,
				BCA59C401AEE08DF005B9D66 /* iter5_testfail.png */,
				BCA59C411AEE08DF005B9D66 /* iter5_testpass.png */,
				BC747DA51ADCA61600A45B4B /* iter4.gif */,
				BC747DA31ADCA4BB00A45B4B /* fb.png */,
				BC339A361ACF31CC00E3399B /* iter3.gif */,
				BC711BD31AAD207E00796369 /* iter1.png */,
				BC711BD41AAD207E00796369 /* iter2.gif */,
			);
			path = screenshot;
			sourceTree = "<group>";
		};
		BC8113201A969279007C4CA0 = {
			isa = PBXGroup;
			children = (
				BC81132B1A969279007C4CA0 /* Top100 */,
				BC8113411A969279007C4CA0 /* Top100Tests */,
				BC81132A1A969279007C4CA0 /* Products */,
				A8B85AAB91128933BD13A90B /* Pods */,
				22D01A0D05679376C52CBEE3 /* Frameworks */,
			);
			sourceTree = "<group>";
		};
		BC81132A1A969279007C4CA0 /* Products */ = {
			isa = PBXGroup;
			children = (
				BC8113291A969279007C4CA0 /* Top100.app */,
				BC81133E1A969279007C4CA0 /* Top100Tests.xctest */,
			);
			name = Products;
			sourceTree = "<group>";
		};
		BC81132B1A969279007C4CA0 /* Top100 */ = {
			isa = PBXGroup;
			children = (
				BCA59C241AEDE92E005B9D66 /* music.png */,
				BC747DA71ADCA6EE00A45B4B /* DetailViewController.swift */,
				BC747DA11ADB1A2800A45B4B /* ic_share.png */,
				BC711BD21AAD207E00796369 /* screenshot */,
				F023B7A91AA8F5790072B9AD /* SwiftyJSON.swift */,
				BCDE8AAB1A96972E00A8C323 /* TableViewController.swift */,
				BCDE8AB11A96E69300A8C323 /* XMLParser.swift */,
				BC81132E1A969279007C4CA0 /* AppDelegate.swift */,
				BC8113321A969279007C4CA0 /* Main.storyboard */,
				BC8113351A969279007C4CA0 /* Images.xcassets */,
				BC8113371A969279007C4CA0 /* LaunchScreen.xib */,
				BC81132C1A969279007C4CA0 /* Supporting Files */,
				BCDE8AAF1A9699DC00A8C323 /* TableViewCell.swift */,
				F0CEDA481AA9404600AEB62A /* Top100-Bridging-Header.h */,
				BC4DF21C1AA970F3009155ED /* YoutubeHelper.swift */,
				BC339A341ACEE58B00E3399B /* Model.swift */,
				BC0975A01AEC916300C5CD4D /* FavoritesViewController.swift */,
			);
			path = Top100;
			sourceTree = "<group>";
		};
		BC81132C1A969279007C4CA0 /* Supporting Files */ = {
			isa = PBXGroup;
			children = (
				BC81132D1A969279007C4CA0 /* Info.plist */,
			);
			name = "Supporting Files";
			sourceTree = "<group>";
		};
		BC8113411A969279007C4CA0 /* Top100Tests */ = {
			isa = PBXGroup;
			children = (
				BC8113441A969279007C4CA0 /* Top100Tests.swift */,
				BC8113421A969279007C4CA0 /* Supporting Files */,
				BCA59C801AEE0F00005B9D66 /* FavoritesViewControllerTests.swift */,
			);
			path = Top100Tests;
			sourceTree = "<group>";
		};
		BC8113421A969279007C4CA0 /* Supporting Files */ = {
			isa = PBXGroup;
			children = (
				BC8113431A969279007C4CA0 /* Info.plist */,
			);
			name = "Supporting Files";
			sourceTree = "<group>";
		};
/* End PBXGroup section */

/* Begin PBXNativeTarget section */
		BC8113281A969279007C4CA0 /* Top100 */ = {
			isa = PBXNativeTarget;
			buildConfigurationList = BC8113481A969279007C4CA0 /* Build configuration list for PBXNativeTarget "Top100" */;
			buildPhases = (
				3945B0A91AC00534875EE74A /* Check Pods Manifest.lock */,
				BC8113251A969279007C4CA0 /* Sources */,
				BC8113261A969279007C4CA0 /* Frameworks */,
				BC8113271A969279007C4CA0 /* Resources */,
				43DBC20F49D07241137D7E41 /* Copy Pods Resources */,
				BCB7B1411AC97EE700EF3385 /* ShellScript */,
			);
			buildRules = (
			);
			dependencies = (
			);
			name = Top100;
			productName = Top100;
			productReference = BC8113291A969279007C4CA0 /* Top100.app */;
			productType = "com.apple.product-type.application";
		};
		BC81133D1A969279007C4CA0 /* Top100Tests */ = {
			isa = PBXNativeTarget;
			buildConfigurationList = BC81134B1A969279007C4CA0 /* Build configuration list for PBXNativeTarget "Top100Tests" */;
			buildPhases = (
				BC81133A1A969279007C4CA0 /* Sources */,
				BC81133B1A969279007C4CA0 /* Frameworks */,
				BC81133C1A969279007C4CA0 /* Resources */,
			);
			buildRules = (
			);
			dependencies = (
				BC8113401A969279007C4CA0 /* PBXTargetDependency */,
			);
			name = Top100Tests;
			productName = Top100Tests;
			productReference = BC81133E1A969279007C4CA0 /* Top100Tests.xctest */;
			productType = "com.apple.product-type.bundle.unit-test";
		};
/* End PBXNativeTarget section */

/* Begin PBXProject section */
		BC8113211A969279007C4CA0 /* Project object */ = {
			isa = PBXProject;
			attributes = {
				LastUpgradeCheck = 0610;
				ORGANIZATIONNAME = "An Nguyen";
				TargetAttributes = {
					BC8113281A969279007C4CA0 = {
						CreatedOnToolsVersion = 6.1.1;
					};
					BC81133D1A969279007C4CA0 = {
						CreatedOnToolsVersion = 6.1.1;
						TestTargetID = BC8113281A969279007C4CA0;
					};
				};
			};
			buildConfigurationList = BC8113241A969279007C4CA0 /* Build configuration list for PBXProject "Top100" */;
			compatibilityVersion = "Xcode 3.2";
			developmentRegion = English;
			hasScannedForEncodings = 0;
			knownRegions = (
				en,
				Base,
			);
			mainGroup = BC8113201A969279007C4CA0;
			productRefGroup = BC81132A1A969279007C4CA0 /* Products */;
			projectDirPath = "";
			projectRoot = "";
			targets = (
				BC8113281A969279007C4CA0 /* Top100 */,
				BC81133D1A969279007C4CA0 /* Top100Tests */,
			);
		};
/* End PBXProject section */

/* Begin PBXResourcesBuildPhase section */
		BC8113271A969279007C4CA0 /* Resources */ = {
			isa = PBXResourcesBuildPhase;
			buildActionMask = 2147483647;
			files = (
				BC711BD61AAD207E00796369 /* iter2.gif in Resources */,
				BCA59C431AEE08DF005B9D66 /* iter5_testfail.png in Resources */,
				BC747DA41ADCA4BB00A45B4B /* fb.png in Resources */,
				BC8113341A969279007C4CA0 /* Main.storyboard in Resources */,
				BC339A371ACF31CC00E3399B /* iter3.gif in Resources */,
				BC747DA21ADB1A2800A45B4B /* ic_share.png in Resources */,
				BCA59C251AEDE92E005B9D66 /* music.png in Resources */,
				BC711BD51AAD207E00796369 /* iter1.png in Resources */,
				BCA59C441AEE08DF005B9D66 /* iter5_testpass.png in Resources */,
				BCA59C421AEE08DF005B9D66 /* iter5.gif in Resources */,
				BC8113391A969279007C4CA0 /* LaunchScreen.xib in Resources */,
				BC8113361A969279007C4CA0 /* Images.xcassets in Resources */,
				BC747DA61ADCA61600A45B4B /* iter4.gif in Resources */,
			);
			runOnlyForDeploymentPostprocessing = 0;
		};
		BC81133C1A969279007C4CA0 /* Resources */ = {
			isa = PBXResourcesBuildPhase;
			buildActionMask = 2147483647;
			files = (
			);
			runOnlyForDeploymentPostprocessing = 0;
		};
/* End PBXResourcesBuildPhase section */

/* Begin PBXShellScriptBuildPhase section */
		3945B0A91AC00534875EE74A /* Check Pods Manifest.lock */ = {
			isa = PBXShellScriptBuildPhase;
			buildActionMask = 2147483647;
			files = (
			);
			inputPaths = (
			);
			name = "Check Pods Manifest.lock";
			outputPaths = (
			);
			runOnlyForDeploymentPostprocessing = 0;
			shellPath = /bin/sh;
			shellScript = "diff \"${PODS_ROOT}/../Podfile.lock\" \"${PODS_ROOT}/Manifest.lock\" > /dev/null\nif [[ $? != 0 ]] ; then\n    cat << EOM\nerror: The sandbox is not in sync with the Podfile.lock. Run 'pod install' or update your CocoaPods installation.\nEOM\n    exit 1\nfi\n";
			showEnvVarsInLog = 0;
		};
		43DBC20F49D07241137D7E41 /* Copy Pods Resources */ = {
			isa = PBXShellScriptBuildPhase;
			buildActionMask = 2147483647;
			files = (
			);
			inputPaths = (
			);
			name = "Copy Pods Resources";
			outputPaths = (
			);
			runOnlyForDeploymentPostprocessing = 0;
			shellPath = /bin/sh;
			shellScript = "\"${SRCROOT}/Pods/Target Support Files/Pods/Pods-resources.sh\"\n";
			showEnvVarsInLog = 0;
		};
		BCB7B1411AC97EE700EF3385 /* ShellScript */ = {
			isa = PBXShellScriptBuildPhase;
			buildActionMask = 2147483647;
			files = (
			);
			inputPaths = (
			);
			outputPaths = (
			);
			runOnlyForDeploymentPostprocessing = 0;
			shellPath = /bin/sh;
			shellScript = "
";
		};
/* End PBXShellScriptBuildPhase section */

/* Begin PBXSourcesBuildPhase section */
		BC8113251A969279007C4CA0 /* Sources */ = {
			isa = PBXSourcesBuildPhase;
			buildActionMask = 2147483647;
			files = (
				BC339A351ACEE58B00E3399B /* Model.swift in Sources */,
				BC0975A11AEC916300C5CD4D /* FavoritesViewController.swift in Sources */,
				BCDE8AB21A96E69300A8C323 /* XMLParser.swift in Sources */,
				BCDE8AB01A9699DC00A8C323 /* TableViewCell.swift in Sources */,
				BC4DF21D1AA970F3009155ED /* YoutubeHelper.swift in Sources */,
				BC81132F1A969279007C4CA0 /* AppDelegate.swift in Sources */,
				F023B7AA1AA8F5790072B9AD /* SwiftyJSON.swift in Sources */,
				BCDE8AAC1A96972E00A8C323 /* TableViewController.swift in Sources */,
				BC747DA81ADCA6EE00A45B4B /* DetailViewController.swift in Sources */,
			);
			runOnlyForDeploymentPostprocessing = 0;
		};
		BC81133A1A969279007C4CA0 /* Sources */ = {
			isa = PBXSourcesBuildPhase;
			buildActionMask = 2147483647;
			files = (
				BCA59C811AEE0F00005B9D66 /* FavoritesViewControllerTests.swift in Sources */,
				BCA59C3D1AEDFD94005B9D66 /* Model.swift in Sources */,
				BCA59C3E1AEDFD97005B9D66 /* YoutubeHelper.swift in Sources */,
				BCA59C3C1AEDFD43005B9D66 /* TableViewCell.swift in Sources */,
				BC8113451A969279007C4CA0 /* Top100Tests.swift in Sources */,
				BCA59C3A1AEDFD3A005B9D66 /* SwiftyJSON.swift in Sources */,
			);
			runOnlyForDeploymentPostprocessing = 0;
		};
/* End PBXSourcesBuildPhase section */

/* Begin PBXTargetDependency section */
		BC8113401A969279007C4CA0 /* PBXTargetDependency */ = {
			isa = PBXTargetDependency;
			target = BC8113281A969279007C4CA0 /* Top100 */;
			targetProxy = BC81133F1A969279007C4CA0 /* PBXContainerItemProxy */;
		};
/* End PBXTargetDependency section */

/* Begin PBXVariantGroup section */
		BC8113321A969279007C4CA0 /* Main.storyboard */ = {
			isa = PBXVariantGroup;
			children = (
				BC8113331A969279007C4CA0 /* Base */,
			);
			name = Main.storyboard;
			sourceTree = "<group>";
		};
		BC8113371A969279007C4CA0 /* LaunchScreen.xib */ = {
			isa = PBXVariantGroup;
			children = (
				BC8113381A969279007C4CA0 /* Base */,
			);
			name = LaunchScreen.xib;
			sourceTree = "<group>";
		};
/* End PBXVariantGroup section */

/* Begin XCBuildConfiguration section */
		BC8113461A969279007C4CA0 /* Debug */ = {
			isa = XCBuildConfiguration;
			buildSettings = {
				ALWAYS_SEARCH_USER_PATHS = NO;
				CLANG_CXX_LANGUAGE_STANDARD = "gnu++0x";
				CLANG_CXX_LIBRARY = "libc++";
				CLANG_ENABLE_MODULES = YES;
				CLANG_ENABLE_OBJC_ARC = YES;
				CLANG_WARN_BOOL_CONVERSION = YES;
				CLANG_WARN_CONSTANT_CONVERSION = YES;
				CLANG_WARN_DIRECT_OBJC_ISA_USAGE = YES_ERROR;
				CLANG_WARN_EMPTY_BODY = YES;
				CLANG_WARN_ENUM_CONVERSION = YES;
				CLANG_WARN_INT_CONVERSION = YES;
				CLANG_WARN_OBJC_ROOT_CLASS = YES_ERROR;
				CLANG_WARN_UNREACHABLE_CODE = YES;
				CLANG_WARN__DUPLICATE_METHOD_MATCH = YES;
				"CODE_SIGN_IDENTITY[sdk=iphoneos*]" = "";
				COPY_PHASE_STRIP = NO;
				ENABLE_STRICT_OBJC_MSGSEND = YES;
				GCC_C_LANGUAGE_STANDARD = gnu99;
				GCC_DYNAMIC_NO_PIC = NO;
				GCC_OPTIMIZATION_LEVEL = 0;
				GCC_PREPROCESSOR_DEFINITIONS = (
					"DEBUG=1",
					"$(inherited)",
				);
				GCC_SYMBOLS_PRIVATE_EXTERN = NO;
				GCC_WARN_64_TO_32_BIT_CONVERSION = YES;
				GCC_WARN_ABOUT_RETURN_TYPE = YES_ERROR;
				GCC_WARN_UNDECLARED_SELECTOR = YES;
				GCC_WARN_UNINITIALIZED_AUTOS = YES_AGGRESSIVE;
				GCC_WARN_UNUSED_FUNCTION = YES;
				GCC_WARN_UNUSED_VARIABLE = YES;
				IPHONEOS_DEPLOYMENT_TARGET = 8.1;
				MTL_ENABLE_DEBUG_INFO = YES;
				ONLY_ACTIVE_ARCH = YES;
				SDKROOT = iphoneos;
				SWIFT_OPTIMIZATION_LEVEL = "-Onone";
			};
			name = Debug;
		};
		BC8113471A969279007C4CA0 /* Release */ = {
			isa = XCBuildConfiguration;
			buildSettings = {
				ALWAYS_SEARCH_USER_PATHS = NO;
				CLANG_CXX_LANGUAGE_STANDARD = "gnu++0x";
				CLANG_CXX_LIBRARY = "libc++";
				CLANG_ENABLE_MODULES = YES;
				CLANG_ENABLE_OBJC_ARC = YES;
				CLANG_WARN_BOOL_CONVERSION = YES;
				CLANG_WARN_CONSTANT_CONVERSION = YES;
				CLANG_WARN_DIRECT_OBJC_ISA_USAGE = YES_ERROR;
				CLANG_WARN_EMPTY_BODY = YES;
				CLANG_WARN_ENUM_CONVERSION = YES;
				CLANG_WARN_INT_CONVERSION = YES;
				CLANG_WARN_OBJC_ROOT_CLASS = YES_ERROR;
				CLANG_WARN_UNREACHABLE_CODE = YES;
				CLANG_WARN__DUPLICATE_METHOD_MATCH = YES;
				"CODE_SIGN_IDENTITY[sdk=iphoneos*]" = "";
				COPY_PHASE_STRIP = YES;
				ENABLE_NS_ASSERTIONS = NO;
				ENABLE_STRICT_OBJC_MSGSEND = YES;
				GCC_C_LANGUAGE_STANDARD = gnu99;
				GCC_WARN_64_TO_32_BIT_CONVERSION = YES;
				GCC_WARN_ABOUT_RETURN_TYPE = YES_ERROR;
				GCC_WARN_UNDECLARED_SELECTOR = YES;
				GCC_WARN_UNINITIALIZED_AUTOS = YES_AGGRESSIVE;
				GCC_WARN_UNUSED_FUNCTION = YES;
				GCC_WARN_UNUSED_VARIABLE = YES;
				IPHONEOS_DEPLOYMENT_TARGET = 8.1;
				MTL_ENABLE_DEBUG_INFO = NO;
				SDKROOT = iphoneos;
				VALIDATE_PRODUCT = YES;
			};
			name = Release;
		};
		BC8113491A969279007C4CA0 /* Debug */ = {
			isa = XCBuildConfiguration;
			baseConfigurationReference = A4FD020A08EDF87C61C70769 /* Pods.debug.xcconfig */;
			buildSettings = {
				ASSETCATALOG_COMPILER_APPICON_NAME = AppIcon;
				ASSETCATALOG_COMPILER_LAUNCHIMAGE_NAME = "LaunchImage-2";
				CLANG_ENABLE_MODULES = YES;
				"CODE_SIGN_IDENTITY[sdk=iphoneos*]" = "";
				FRAMEWORK_SEARCH_PATHS = (
					"$(inherited)",
					"$(PROJECT_DIR)",
				);
				INFOPLIST_FILE = Top100/Info.plist;
				IPHONEOS_DEPLOYMENT_TARGET = 7.1;
				LD_RUNPATH_SEARCH_PATHS = "$(inherited) @executable_path/Frameworks";
				MTL_ENABLE_DEBUG_INFO = NO;
				PRODUCT_NAME = "$(TARGET_NAME)";
				SWIFT_OBJC_BRIDGING_HEADER = "Top100/Top100-Bridging-Header.h";
				SWIFT_OPTIMIZATION_LEVEL = "-Onone";
				TARGETED_DEVICE_FAMILY = 1;
			};
			name = Debug;
		};
		BC81134A1A969279007C4CA0 /* Release */ = {
			isa = XCBuildConfiguration;
			baseConfigurationReference = F6E898B3AC65A210EF390681 /* Pods.release.xcconfig */;
			buildSettings = {
				ASSETCATALOG_COMPILER_APPICON_NAME = AppIcon;
				ASSETCATALOG_COMPILER_LAUNCHIMAGE_NAME = "LaunchImage-2";
				CLANG_ENABLE_MODULES = YES;
				"CODE_SIGN_IDENTITY[sdk=iphoneos*]" = "";
				FRAMEWORK_SEARCH_PATHS = (
					"$(inherited)",
					"$(PROJECT_DIR)",
				);
				INFOPLIST_FILE = Top100/Info.plist;
				IPHONEOS_DEPLOYMENT_TARGET = 7.1;
				LD_RUNPATH_SEARCH_PATHS = "$(inherited) @executable_path/Frameworks";
				MTL_ENABLE_DEBUG_INFO = NO;
				PRODUCT_NAME = "$(TARGET_NAME)";
				SWIFT_OBJC_BRIDGING_HEADER = "Top100/Top100-Bridging-Header.h";
				TARGETED_DEVICE_FAMILY = 1;
			};
			name = Release;
		};
		BC81134C1A969279007C4CA0 /* Debug */ = {
			isa = XCBuildConfiguration;
			baseConfigurationReference = A4FD020A08EDF87C61C70769 /* Pods.debug.xcconfig */;
			buildSettings = {
				BUNDLE_LOADER = "$(TEST_HOST)";
				"CODE_SIGN_IDENTITY[sdk=iphoneos*]" = "";
				FRAMEWORK_SEARCH_PATHS = (
					"$(SDKROOT)/Developer/Library/Frameworks",
					"$(inherited)",
				);
				GCC_PREPROCESSOR_DEFINITIONS = (
					"DEBUG=1",
					"$(inherited)",
				);
				INFOPLIST_FILE = Top100Tests/Info.plist;
				LD_RUNPATH_SEARCH_PATHS = "$(inherited) @executable_path/Frameworks @loader_path/Frameworks";
				LIBRARY_SEARCH_PATHS = (
					"$(inherited)",
					"$(PROJECT_DIR)/Pods/build/Debug-iphoneos",
				);
				PRODUCT_NAME = "$(TARGET_NAME)";
				TEST_HOST = "$(BUILT_PRODUCTS_DIR)/Top100.app/Top100";
			};
			name = Debug;
		};
		BC81134D1A969279007C4CA0 /* Release */ = {
			isa = XCBuildConfiguration;
			baseConfigurationReference = F6E898B3AC65A210EF390681 /* Pods.release.xcconfig */;
			buildSettings = {
				BUNDLE_LOADER = "$(TEST_HOST)";
				"CODE_SIGN_IDENTITY[sdk=iphoneos*]" = "";
				FRAMEWORK_SEARCH_PATHS = (
					"$(SDKROOT)/Developer/Library/Frameworks",
					"$(inherited)",
				);
				INFOPLIST_FILE = Top100Tests/Info.plist;
				LD_RUNPATH_SEARCH_PATHS = "$(inherited) @executable_path/Frameworks @loader_path/Frameworks";
				LIBRARY_SEARCH_PATHS = (
					"$(inherited)",
					"$(PROJECT_DIR)/Pods/build/Debug-iphoneos",
				);
				PRODUCT_NAME = "$(TARGET_NAME)";
				TEST_HOST = "$(BUILT_PRODUCTS_DIR)/Top100.app/Top100";
			};
			name = Release;
		};
/* End XCBuildConfiguration section */

/* Begin XCConfigurationList section */
		BC8113241A969279007C4CA0 /* Build configuration list for PBXProject "Top100" */ = {
			isa = XCConfigurationList;
			buildConfigurations = (
				BC8113461A969279007C4CA0 /* Debug */,
				BC8113471A969279007C4CA0 /* Release */,
			);
			defaultConfigurationIsVisible = 0;
			defaultConfigurationName = Release;
		};
		BC8113481A969279007C4CA0 /* Build configuration list for PBXNativeTarget "Top100" */ = {
			isa = XCConfigurationList;
			buildConfigurations = (
				BC8113491A969279007C4CA0 /* Debug */,
				BC81134A1A969279007C4CA0 /* Release */,
			);
			defaultConfigurationIsVisible = 0;
			defaultConfigurationName = Release;
		};
		BC81134B1A969279007C4CA0 /* Build configuration list for PBXNativeTarget "Top100Tests" */ = {
			isa = XCConfigurationList;
			buildConfigurations = (
				BC81134C1A969279007C4CA0 /* Debug */,
				BC81134D1A969279007C4CA0 /* Release */,
			);
			defaultConfigurationIsVisible = 0;
			defaultConfigurationName = Release;
		};
/* End XCConfigurationList section */
	};
	rootObject = BC8113211A969279007C4CA0 /* Project object */;
}
